# This file is automatically @generated by Cargo.
# It is not intended for manual editing.
version = 4

[[package]]
name = "local-search-engine"
version = "0.1.0"
dependencies = [
 "xml-rs",
]

[[package]]
name = "xml"
version = "1.2.0"
source = "registry+https://github.com/rust-lang/crates.io-index"
checksum = "2df5825faced2427b2da74d9100f1e2e93c533fff063506a81ede1cf517b2e7e"

[[package]]
name = "xml-rs"
version = "1.0.0"
source = "registry+https://github.com/rust-lang/crates.io-index"
checksum = "c3a56132a0d6ecbe77352edc10232f788fc4ceefefff4cab784a98e0e16b6b51"
dependencies = [
 "xml",
]
